
Microsoft Visual Studio Solution File, Format Version 12.00
# Visual Studio Version 16
VisualStudioVersion = 16.0.31613.86
MinimumVisualStudioVersion = 10.0.40219.1
Project("{FAE04EC0-301F-11D3-BF4B-00C04F79EFBC}") = "GroceryListAPI", "GroceryListAPI\GroceryListAPI.csproj", "{C27E69D2-95A7-46C3-9B71-D09EA4819D16}"
EndProject
Project("{FAE04EC0-301F-11D3-BF4B-00C04F79EFBC}") = "GroceryList.Data", "GroceryList.Data\GroceryList.Data.csproj", "{B842887C-EFBF-4012-A2DA-C50DA0FC4C1F}"
EndProject
Project("{FAE04EC0-301F-11D3-BF4B-00C04F79EFBC}") = "GroceryList.Services", "GroceryList.Services\GroceryList.Services.csproj", "{8291DAFF-01D1-481D-98DE-D9E21715E532}"
EndProject
Project("{FAE04EC0-301F-11D3-BF4B-00C04F79EFBC}") = "GroceryList.Model", "GroceryList.Model\GroceryList.Model.csproj", "{D7E813BD-9AB2-4225-A865-C94FDF6351D7}"
EndProject
Global
	GlobalSection(SolutionConfigurationPlatforms) = preSolution
		Debug|Any CPU = Debug|Any CPU
		Release|Any CPU = Release|Any CPU
	EndGlobalSection
	GlobalSection(ProjectConfigurationPlatforms) = postSolution
		{C27E69D2-95A7-46C3-9B71-D09EA4819D16}.Debug|Any CPU.ActiveCfg = Debug|Any CPU
		{C27E69D2-95A7-46C3-9B71-D09EA4819D16}.Debug|Any CPU.Build.0 = Debug|Any CPU
		{C27E69D2-95A7-46C3-9B71-D09EA4819D16}.Release|Any CPU.ActiveCfg = Release|Any CPU
		{C27E69D2-95A7-46C3-9B71-D09EA4819D16}.Release|Any CPU.Build.0 = Release|Any CPU
		{B842887C-EFBF-4012-A2DA-C50DA0FC4C1F}.Debug|Any CPU.ActiveCfg = Debug|Any CPU
		{B842887C-EFBF-4012-A2DA-C50DA0FC4C1F}.Debug|Any CPU.Build.0 = Debug|Any CPU
		{B842887C-EFBF-4012-A2DA-C50DA0FC4C1F}.Release|Any CPU.ActiveCfg = Release|Any CPU
		{B842887C-EFBF-4012-A2DA-C50DA0FC4C1F}.Release|Any CPU.Build.0 = Release|Any CPU
		{8291DAFF-01D1-481D-98DE-D9E21715E532}.Debug|Any CPU.ActiveCfg = Debug|Any CPU
		{8291DAFF-01D1-481D-98DE-D9E21715E532}.Debug|Any CPU.Build.0 = Debug|Any CPU
		{8291DAFF-01D1-481D-98DE-D9E21715E532}.Release|Any CPU.ActiveCfg = Release|Any CPU
		{8291DAFF-01D1-481D-98DE-D9E21715E532}.Release|Any CPU.Build.0 = Release|Any CPU
		{D7E813BD-9AB2-4225-A865-C94FDF6351D7}.Debug|Any CPU.ActiveCfg = Debug|Any CPU
		{D7E813BD-9AB2-4225-A865-C94FDF6351D7}.Debug|Any CPU.Build.0 = Debug|Any CPU
		{D7E813BD-9AB2-4225-A865-C94FDF6351D7}.Release|Any CPU.ActiveCfg = Release|Any CPU
		{D7E813BD-9AB2-4225-A865-C94FDF6351D7}.Release|Any CPU.Build.0 = Release|Any CPU
	EndGlobalSection
	GlobalSection(SolutionProperties) = preSolution
		HideSolutionNode = FALSE
	EndGlobalSection
	GlobalSection(ExtensibilityGlobals) = postSolution
		SolutionGuid = {401E468E-1EE7-413A-847E-D2A56C7C8E58}
	EndGlobalSection
EndGlobal
